
Microsoft Visual Studio Solution File, Format Version 12.00
# Visual Studio Version 17
VisualStudioVersion = 17.12.35527.113
MinimumVisualStudioVersion = 10.0.40219.1
Project("{2150E333-8FDC-42A3-9474-1A3956D46DE8}") = "Thesis", "Thesis", "{E338DCCF-3CDC-4249-BBCA-BA243D55B23D}"
EndProject
Project("{2150E333-8FDC-42A3-9474-1A3956D46DE8}") = "Notes", "Notes", "{321C9D1D-7CE3-45B9-B168-77AF60CC6DF2}"
	ProjectSection(SolutionItems) = preProject
		Notes\DevelopmentProcess.md = Notes\DevelopmentProcess.md
		README.md = README.md
		Notes\Sources.md = Notes\Sources.md
		Notes\ToDoList.md = Notes\ToDoList.md
	EndProjectSection
EndProject
Project("{FAE04EC0-301F-11D3-BF4B-00C04F79EFBC}") = "Shared.Enums", "Shared.Enums\Shared.Enums.csproj", "{A9C70EE1-A7D4-4E26-854C-A38C894972E0}"
EndProject
Project("{2150E333-8FDC-42A3-9474-1A3956D46DE8}") = "TestResults", "TestResults", "{0A1E3356-2B3F-4E76-B335-F0434AE84C43}"
EndProject
Project("{FAE04EC0-301F-11D3-BF4B-00C04F79EFBC}") = "TestResults.Entities", "TestResults.Entities\TestResults.Entities.csproj", "{9D02A97C-7666-4205-A5DE-26B16854B1BC}"
EndProject
Project("{FAE04EC0-301F-11D3-BF4B-00C04F79EFBC}") = "TestResults.EntityFramework", "TestResults.EntityFramework\TestResults.EntityFramework.csproj", "{33439754-6A1F-45A3-8768-31F13E285B44}"
EndProject
Project("{FAE04EC0-301F-11D3-BF4B-00C04F79EFBC}") = "TestResults.Repositories", "TestResults.Repositories\TestResults.Repositories.csproj", "{6D410DE7-5261-4D86-B674-C1D3589ACCA3}"
EndProject
Project("{FAE04EC0-301F-11D3-BF4B-00C04F79EFBC}") = "TestResults.UnitOfWork", "TestResults.UnitOfWork\TestResults.UnitOfWork.csproj", "{71D577EA-3F5E-426A-ABCE-A270B86295F5}"
EndProject
Project("{FAE04EC0-301F-11D3-BF4B-00C04F79EFBC}") = "TestResults.Services", "TestResults.Services\TestResults.Services.csproj", "{10F9FFFF-774D-4DBC-A135-C2C9A234D953}"
EndProject
Project("{2150E333-8FDC-42A3-9474-1A3956D46DE8}") = "Shared", "Shared", "{CF0A0D3A-FF00-4841-841B-0D1992C3775C}"
EndProject
Project("{FAE04EC0-301F-11D3-BF4B-00C04F79EFBC}") = "Thesis.WebApp", "Thesis.WebApp\Thesis.WebApp.csproj", "{D071779E-69AA-4371-B5B1-9D41F82A28ED}"
EndProject
Project("{FAE04EC0-301F-11D3-BF4B-00C04F79EFBC}") = "Shared.Constants", "Shared.Constants\Shared.Constants.csproj", "{A549233E-0B81-4FAF-990B-6BBE5603056B}"
EndProject
Project("{2150E333-8FDC-42A3-9474-1A3956D46DE8}") = "Tests", "Tests", "{64A0E185-D344-4568-BB95-818CEACB8395}"
EndProject
Project("{FAE04EC0-301F-11D3-BF4B-00C04F79EFBC}") = "Tests.Algorithm", "Tests.Algorithm\Tests.Algorithm.csproj", "{1FFC3C7D-E1E0-4358-B3D2-AD43983A1BC5}"
EndProject
Project("{FAE04EC0-301F-11D3-BF4B-00C04F79EFBC}") = "Shared.Algorithms", "Shared.Algorithms\Shared.Algorithms.csproj", "{50025A3C-85F5-4A74-BC99-FC7468DB33AC}"
EndProject
Project("{2150E333-8FDC-42A3-9474-1A3956D46DE8}") = "Settings", "Settings", "{79A88945-F975-4911-B839-716F3214579F}"
	ProjectSection(SolutionItems) = preProject
		.gitignore = .gitignore
		appsettings.json = appsettings.json
		Directory.Packages.props = Directory.Packages.props
	EndProjectSection
EndProject
Project("{FAE04EC0-301F-11D3-BF4B-00C04F79EFBC}") = "Thesis.MathCrypt", "Thesis.MathCrypt\Thesis.MathCrypt.csproj", "{831D130B-1921-40EB-A713-61E748E95B02}"
EndProject
Project("{FAE04EC0-301F-11D3-BF4B-00C04F79EFBC}") = "TestResults.Dtos", "TestResults.Dtos\TestResults.Dtos.csproj", "{3906E933-D14F-4F57-89C6-02F6F14253C3}"
EndProject
Project("{FAE04EC0-301F-11D3-BF4B-00C04F79EFBC}") = "Thesis.ConsoleApp", "Thesis.ConsoleApp\Thesis.ConsoleApp.csproj", "{A1632254-2009-4E5E-9101-E4231EF634B2}"
EndProject
Global
	GlobalSection(SolutionConfigurationPlatforms) = preSolution
		Debug|Any CPU = Debug|Any CPU
		Release|Any CPU = Release|Any CPU
	EndGlobalSection
	GlobalSection(ProjectConfigurationPlatforms) = postSolution
		{A9C70EE1-A7D4-4E26-854C-A38C894972E0}.Debug|Any CPU.ActiveCfg = Debug|Any CPU
		{A9C70EE1-A7D4-4E26-854C-A38C894972E0}.Debug|Any CPU.Build.0 = Debug|Any CPU
		{A9C70EE1-A7D4-4E26-854C-A38C894972E0}.Release|Any CPU.ActiveCfg = Release|Any CPU
		{A9C70EE1-A7D4-4E26-854C-A38C894972E0}.Release|Any CPU.Build.0 = Release|Any CPU
		{9D02A97C-7666-4205-A5DE-26B16854B1BC}.Debug|Any CPU.ActiveCfg = Debug|Any CPU
		{9D02A97C-7666-4205-A5DE-26B16854B1BC}.Debug|Any CPU.Build.0 = Debug|Any CPU
		{9D02A97C-7666-4205-A5DE-26B16854B1BC}.Release|Any CPU.ActiveCfg = Release|Any CPU
		{9D02A97C-7666-4205-A5DE-26B16854B1BC}.Release|Any CPU.Build.0 = Release|Any CPU
		{33439754-6A1F-45A3-8768-31F13E285B44}.Debug|Any CPU.ActiveCfg = Debug|Any CPU
		{33439754-6A1F-45A3-8768-31F13E285B44}.Debug|Any CPU.Build.0 = Debug|Any CPU
		{33439754-6A1F-45A3-8768-31F13E285B44}.Release|Any CPU.ActiveCfg = Release|Any CPU
		{33439754-6A1F-45A3-8768-31F13E285B44}.Release|Any CPU.Build.0 = Release|Any CPU
		{6D410DE7-5261-4D86-B674-C1D3589ACCA3}.Debug|Any CPU.ActiveCfg = Debug|Any CPU
		{6D410DE7-5261-4D86-B674-C1D3589ACCA3}.Debug|Any CPU.Build.0 = Debug|Any CPU
		{6D410DE7-5261-4D86-B674-C1D3589ACCA3}.Release|Any CPU.ActiveCfg = Release|Any CPU
		{6D410DE7-5261-4D86-B674-C1D3589ACCA3}.Release|Any CPU.Build.0 = Release|Any CPU
		{71D577EA-3F5E-426A-ABCE-A270B86295F5}.Debug|Any CPU.ActiveCfg = Debug|Any CPU
		{71D577EA-3F5E-426A-ABCE-A270B86295F5}.Debug|Any CPU.Build.0 = Debug|Any CPU
		{71D577EA-3F5E-426A-ABCE-A270B86295F5}.Release|Any CPU.ActiveCfg = Release|Any CPU
		{71D577EA-3F5E-426A-ABCE-A270B86295F5}.Release|Any CPU.Build.0 = Release|Any CPU
		{10F9FFFF-774D-4DBC-A135-C2C9A234D953}.Debug|Any CPU.ActiveCfg = Debug|Any CPU
		{10F9FFFF-774D-4DBC-A135-C2C9A234D953}.Debug|Any CPU.Build.0 = Debug|Any CPU
		{10F9FFFF-774D-4DBC-A135-C2C9A234D953}.Release|Any CPU.ActiveCfg = Release|Any CPU
		{10F9FFFF-774D-4DBC-A135-C2C9A234D953}.Release|Any CPU.Build.0 = Release|Any CPU
		{D071779E-69AA-4371-B5B1-9D41F82A28ED}.Debug|Any CPU.ActiveCfg = Debug|Any CPU
		{D071779E-69AA-4371-B5B1-9D41F82A28ED}.Debug|Any CPU.Build.0 = Debug|Any CPU
		{D071779E-69AA-4371-B5B1-9D41F82A28ED}.Release|Any CPU.ActiveCfg = Release|Any CPU
		{D071779E-69AA-4371-B5B1-9D41F82A28ED}.Release|Any CPU.Build.0 = Release|Any CPU
		{A549233E-0B81-4FAF-990B-6BBE5603056B}.Debug|Any CPU.ActiveCfg = Debug|Any CPU
		{A549233E-0B81-4FAF-990B-6BBE5603056B}.Debug|Any CPU.Build.0 = Debug|Any CPU
		{A549233E-0B81-4FAF-990B-6BBE5603056B}.Release|Any CPU.ActiveCfg = Release|Any CPU
		{A549233E-0B81-4FAF-990B-6BBE5603056B}.Release|Any CPU.Build.0 = Release|Any CPU
		{1FFC3C7D-E1E0-4358-B3D2-AD43983A1BC5}.Debug|Any CPU.ActiveCfg = Debug|Any CPU
		{1FFC3C7D-E1E0-4358-B3D2-AD43983A1BC5}.Debug|Any CPU.Build.0 = Debug|Any CPU
		{1FFC3C7D-E1E0-4358-B3D2-AD43983A1BC5}.Release|Any CPU.ActiveCfg = Release|Any CPU
		{1FFC3C7D-E1E0-4358-B3D2-AD43983A1BC5}.Release|Any CPU.Build.0 = Release|Any CPU
		{50025A3C-85F5-4A74-BC99-FC7468DB33AC}.Debug|Any CPU.ActiveCfg = Debug|Any CPU
		{50025A3C-85F5-4A74-BC99-FC7468DB33AC}.Debug|Any CPU.Build.0 = Debug|Any CPU
		{50025A3C-85F5-4A74-BC99-FC7468DB33AC}.Release|Any CPU.ActiveCfg = Release|Any CPU
		{50025A3C-85F5-4A74-BC99-FC7468DB33AC}.Release|Any CPU.Build.0 = Release|Any CPU
		{831D130B-1921-40EB-A713-61E748E95B02}.Debug|Any CPU.ActiveCfg = Debug|Any CPU
		{831D130B-1921-40EB-A713-61E748E95B02}.Debug|Any CPU.Build.0 = Debug|Any CPU
		{831D130B-1921-40EB-A713-61E748E95B02}.Release|Any CPU.ActiveCfg = Release|Any CPU
		{831D130B-1921-40EB-A713-61E748E95B02}.Release|Any CPU.Build.0 = Release|Any CPU
		{3906E933-D14F-4F57-89C6-02F6F14253C3}.Debug|Any CPU.ActiveCfg = Debug|Any CPU
		{3906E933-D14F-4F57-89C6-02F6F14253C3}.Debug|Any CPU.Build.0 = Debug|Any CPU
		{3906E933-D14F-4F57-89C6-02F6F14253C3}.Release|Any CPU.ActiveCfg = Release|Any CPU
		{3906E933-D14F-4F57-89C6-02F6F14253C3}.Release|Any CPU.Build.0 = Release|Any CPU
		{A1632254-2009-4E5E-9101-E4231EF634B2}.Debug|Any CPU.ActiveCfg = Debug|Any CPU
		{A1632254-2009-4E5E-9101-E4231EF634B2}.Debug|Any CPU.Build.0 = Debug|Any CPU
		{A1632254-2009-4E5E-9101-E4231EF634B2}.Release|Any CPU.ActiveCfg = Release|Any CPU
		{A1632254-2009-4E5E-9101-E4231EF634B2}.Release|Any CPU.Build.0 = Release|Any CPU
	EndGlobalSection
	GlobalSection(SolutionProperties) = preSolution
		HideSolutionNode = FALSE
	EndGlobalSection
	GlobalSection(NestedProjects) = preSolution
		{A9C70EE1-A7D4-4E26-854C-A38C894972E0} = {CF0A0D3A-FF00-4841-841B-0D1992C3775C}
		{9D02A97C-7666-4205-A5DE-26B16854B1BC} = {0A1E3356-2B3F-4E76-B335-F0434AE84C43}
		{33439754-6A1F-45A3-8768-31F13E285B44} = {0A1E3356-2B3F-4E76-B335-F0434AE84C43}
		{6D410DE7-5261-4D86-B674-C1D3589ACCA3} = {0A1E3356-2B3F-4E76-B335-F0434AE84C43}
		{71D577EA-3F5E-426A-ABCE-A270B86295F5} = {0A1E3356-2B3F-4E76-B335-F0434AE84C43}
		{10F9FFFF-774D-4DBC-A135-C2C9A234D953} = {0A1E3356-2B3F-4E76-B335-F0434AE84C43}
		{D071779E-69AA-4371-B5B1-9D41F82A28ED} = {E338DCCF-3CDC-4249-BBCA-BA243D55B23D}
		{A549233E-0B81-4FAF-990B-6BBE5603056B} = {CF0A0D3A-FF00-4841-841B-0D1992C3775C}
		{1FFC3C7D-E1E0-4358-B3D2-AD43983A1BC5} = {64A0E185-D344-4568-BB95-818CEACB8395}
		{50025A3C-85F5-4A74-BC99-FC7468DB33AC} = {CF0A0D3A-FF00-4841-841B-0D1992C3775C}
		{831D130B-1921-40EB-A713-61E748E95B02} = {E338DCCF-3CDC-4249-BBCA-BA243D55B23D}
		{3906E933-D14F-4F57-89C6-02F6F14253C3} = {0A1E3356-2B3F-4E76-B335-F0434AE84C43}
		{A1632254-2009-4E5E-9101-E4231EF634B2} = {E338DCCF-3CDC-4249-BBCA-BA243D55B23D}
	EndGlobalSection
EndGlobal
