
Microsoft Visual Studio Solution File, Format Version 12.00
# Visual Studio Version 17
VisualStudioVersion = 17.12.35527.113
MinimumVisualStudioVersion = 10.0.40219.1
Project("{2150E333-8FDC-42A3-9474-1A3956D46DE8}") = "Thesis", "Thesis", "{E338DCCF-3CDC-4249-BBCA-BA243D55B23D}"
	ProjectSection(SolutionItems) = preProject
		.gitignore = .gitignore
		Directory.Packages.props = Directory.Packages.props
		README.md = README.md
	EndProjectSection
EndProject
Project("{2150E333-8FDC-42A3-9474-1A3956D46DE8}") = "Notes", "Notes", "{321C9D1D-7CE3-45B9-B168-77AF60CC6DF2}"
	ProjectSection(SolutionItems) = preProject
		Notes\DevelopmentProcess.md = Notes\DevelopmentProcess.md
		Notes\Sources.md = Notes\Sources.md
		Notes\ToDoList.md = Notes\ToDoList.md
	EndProjectSection
EndProject
Project("{FAE04EC0-301F-11D3-BF4B-00C04F79EFBC}") = "MathCrypt", "MathCrypt\MathCrypt.csproj", "{12A315DB-C31D-4442-A7DF-F57BA0C55CF7}"
EndProject
Project("{FAE04EC0-301F-11D3-BF4B-00C04F79EFBC}") = "AlgorithmTest", "AlgorithmTest\AlgorithmTest.csproj", "{CC32E7FF-52BA-4DB1-A54E-838C72E383C9}"
EndProject
Project("{FAE04EC0-301F-11D3-BF4B-00C04F79EFBC}") = "BlockchainTest", "BlockchainTest\BlockchainTest.csproj", "{23E9501D-65D9-4E5D-AAC8-87C6B64E66F9}"
EndProject
Project("{FAE04EC0-301F-11D3-BF4B-00C04F79EFBC}") = "Shared.Enums", "Shared.Enums\Shared.Enums.csproj", "{A9C70EE1-A7D4-4E26-854C-A38C894972E0}"
EndProject
Project("{2150E333-8FDC-42A3-9474-1A3956D46DE8}") = "TestResults", "TestResults", "{0A1E3356-2B3F-4E76-B335-F0434AE84C43}"
EndProject
Project("{FAE04EC0-301F-11D3-BF4B-00C04F79EFBC}") = "TestResults.Entities", "TestResults.Entities\TestResults.Entities.csproj", "{9D02A97C-7666-4205-A5DE-26B16854B1BC}"
EndProject
Project("{FAE04EC0-301F-11D3-BF4B-00C04F79EFBC}") = "TestResults.EntityFramework", "TestResults.EntityFramework\TestResults.EntityFramework.csproj", "{33439754-6A1F-45A3-8768-31F13E285B44}"
EndProject
Project("{FAE04EC0-301F-11D3-BF4B-00C04F79EFBC}") = "TestResults.Repositories", "TestResults.Repositories\TestResults.Repositories.csproj", "{6D410DE7-5261-4D86-B674-C1D3589ACCA3}"
EndProject
Project("{FAE04EC0-301F-11D3-BF4B-00C04F79EFBC}") = "TestResults.UnitofWork", "TestResults.UnitofWork\TestResults.UnitofWork.csproj", "{71D577EA-3F5E-426A-ABCE-A270B86295F5}"
EndProject
Project("{FAE04EC0-301F-11D3-BF4B-00C04F79EFBC}") = "TestResults.Services", "TestResults.Services\TestResults.Services.csproj", "{10F9FFFF-774D-4DBC-A135-C2C9A234D953}"
EndProject
Project("{2150E333-8FDC-42A3-9474-1A3956D46DE8}") = "Shared", "Shared", "{CF0A0D3A-FF00-4841-841B-0D1992C3775C}"
EndProject
Project("{2150E333-8FDC-42A3-9474-1A3956D46DE8}") = "Base", "Base", "{6D729D79-FFF0-40E7-A7F1-D8E668C2D9C0}"
EndProject
Project("{FAE04EC0-301F-11D3-BF4B-00C04F79EFBC}") = "Base.Test", "Base.Test\Base.Test.csproj", "{FCECCD12-ED22-4BB0-AE13-2A65AFD757BA}"
EndProject
Project("{FAE04EC0-301F-11D3-BF4B-00C04F79EFBC}") = "Shared.Utilities", "Shared.Utilities\Shared.Utilities.csproj", "{7A9FDC2E-8EE7-44E7-8420-C35FA37B7280}"
EndProject
Project("{FAE04EC0-301F-11D3-BF4B-00C04F79EFBC}") = "Thesis.WebApp", "Thesis.WebApp\Thesis.WebApp.csproj", "{D071779E-69AA-4371-B5B1-9D41F82A28ED}"
EndProject
Global
	GlobalSection(SolutionConfigurationPlatforms) = preSolution
		Debug|Any CPU = Debug|Any CPU
		Release|Any CPU = Release|Any CPU
	EndGlobalSection
	GlobalSection(ProjectConfigurationPlatforms) = postSolution
		{12A315DB-C31D-4442-A7DF-F57BA0C55CF7}.Debug|Any CPU.ActiveCfg = Debug|Any CPU
		{12A315DB-C31D-4442-A7DF-F57BA0C55CF7}.Debug|Any CPU.Build.0 = Debug|Any CPU
		{12A315DB-C31D-4442-A7DF-F57BA0C55CF7}.Release|Any CPU.ActiveCfg = Release|Any CPU
		{12A315DB-C31D-4442-A7DF-F57BA0C55CF7}.Release|Any CPU.Build.0 = Release|Any CPU
		{CC32E7FF-52BA-4DB1-A54E-838C72E383C9}.Debug|Any CPU.ActiveCfg = Debug|Any CPU
		{CC32E7FF-52BA-4DB1-A54E-838C72E383C9}.Debug|Any CPU.Build.0 = Debug|Any CPU
		{CC32E7FF-52BA-4DB1-A54E-838C72E383C9}.Release|Any CPU.ActiveCfg = Release|Any CPU
		{CC32E7FF-52BA-4DB1-A54E-838C72E383C9}.Release|Any CPU.Build.0 = Release|Any CPU
		{23E9501D-65D9-4E5D-AAC8-87C6B64E66F9}.Debug|Any CPU.ActiveCfg = Debug|Any CPU
		{23E9501D-65D9-4E5D-AAC8-87C6B64E66F9}.Debug|Any CPU.Build.0 = Debug|Any CPU
		{23E9501D-65D9-4E5D-AAC8-87C6B64E66F9}.Release|Any CPU.ActiveCfg = Release|Any CPU
		{23E9501D-65D9-4E5D-AAC8-87C6B64E66F9}.Release|Any CPU.Build.0 = Release|Any CPU
		{A9C70EE1-A7D4-4E26-854C-A38C894972E0}.Debug|Any CPU.ActiveCfg = Debug|Any CPU
		{A9C70EE1-A7D4-4E26-854C-A38C894972E0}.Debug|Any CPU.Build.0 = Debug|Any CPU
		{A9C70EE1-A7D4-4E26-854C-A38C894972E0}.Release|Any CPU.ActiveCfg = Release|Any CPU
		{A9C70EE1-A7D4-4E26-854C-A38C894972E0}.Release|Any CPU.Build.0 = Release|Any CPU
		{9D02A97C-7666-4205-A5DE-26B16854B1BC}.Debug|Any CPU.ActiveCfg = Debug|Any CPU
		{9D02A97C-7666-4205-A5DE-26B16854B1BC}.Debug|Any CPU.Build.0 = Debug|Any CPU
		{9D02A97C-7666-4205-A5DE-26B16854B1BC}.Release|Any CPU.ActiveCfg = Release|Any CPU
		{9D02A97C-7666-4205-A5DE-26B16854B1BC}.Release|Any CPU.Build.0 = Release|Any CPU
		{33439754-6A1F-45A3-8768-31F13E285B44}.Debug|Any CPU.ActiveCfg = Debug|Any CPU
		{33439754-6A1F-45A3-8768-31F13E285B44}.Debug|Any CPU.Build.0 = Debug|Any CPU
		{33439754-6A1F-45A3-8768-31F13E285B44}.Release|Any CPU.ActiveCfg = Release|Any CPU
		{33439754-6A1F-45A3-8768-31F13E285B44}.Release|Any CPU.Build.0 = Release|Any CPU
		{6D410DE7-5261-4D86-B674-C1D3589ACCA3}.Debug|Any CPU.ActiveCfg = Debug|Any CPU
		{6D410DE7-5261-4D86-B674-C1D3589ACCA3}.Debug|Any CPU.Build.0 = Debug|Any CPU
		{6D410DE7-5261-4D86-B674-C1D3589ACCA3}.Release|Any CPU.ActiveCfg = Release|Any CPU
		{6D410DE7-5261-4D86-B674-C1D3589ACCA3}.Release|Any CPU.Build.0 = Release|Any CPU
		{71D577EA-3F5E-426A-ABCE-A270B86295F5}.Debug|Any CPU.ActiveCfg = Debug|Any CPU
		{71D577EA-3F5E-426A-ABCE-A270B86295F5}.Debug|Any CPU.Build.0 = Debug|Any CPU
		{71D577EA-3F5E-426A-ABCE-A270B86295F5}.Release|Any CPU.ActiveCfg = Release|Any CPU
		{71D577EA-3F5E-426A-ABCE-A270B86295F5}.Release|Any CPU.Build.0 = Release|Any CPU
		{10F9FFFF-774D-4DBC-A135-C2C9A234D953}.Debug|Any CPU.ActiveCfg = Debug|Any CPU
		{10F9FFFF-774D-4DBC-A135-C2C9A234D953}.Debug|Any CPU.Build.0 = Debug|Any CPU
		{10F9FFFF-774D-4DBC-A135-C2C9A234D953}.Release|Any CPU.ActiveCfg = Release|Any CPU
		{10F9FFFF-774D-4DBC-A135-C2C9A234D953}.Release|Any CPU.Build.0 = Release|Any CPU
		{FCECCD12-ED22-4BB0-AE13-2A65AFD757BA}.Debug|Any CPU.ActiveCfg = Debug|Any CPU
		{FCECCD12-ED22-4BB0-AE13-2A65AFD757BA}.Debug|Any CPU.Build.0 = Debug|Any CPU
		{FCECCD12-ED22-4BB0-AE13-2A65AFD757BA}.Release|Any CPU.ActiveCfg = Release|Any CPU
		{FCECCD12-ED22-4BB0-AE13-2A65AFD757BA}.Release|Any CPU.Build.0 = Release|Any CPU
		{7A9FDC2E-8EE7-44E7-8420-C35FA37B7280}.Debug|Any CPU.ActiveCfg = Debug|Any CPU
		{7A9FDC2E-8EE7-44E7-8420-C35FA37B7280}.Debug|Any CPU.Build.0 = Debug|Any CPU
		{7A9FDC2E-8EE7-44E7-8420-C35FA37B7280}.Release|Any CPU.ActiveCfg = Release|Any CPU
		{7A9FDC2E-8EE7-44E7-8420-C35FA37B7280}.Release|Any CPU.Build.0 = Release|Any CPU
		{D071779E-69AA-4371-B5B1-9D41F82A28ED}.Debug|Any CPU.ActiveCfg = Debug|Any CPU
		{D071779E-69AA-4371-B5B1-9D41F82A28ED}.Debug|Any CPU.Build.0 = Debug|Any CPU
		{D071779E-69AA-4371-B5B1-9D41F82A28ED}.Release|Any CPU.ActiveCfg = Release|Any CPU
		{D071779E-69AA-4371-B5B1-9D41F82A28ED}.Release|Any CPU.Build.0 = Release|Any CPU
	EndGlobalSection
	GlobalSection(SolutionProperties) = preSolution
		HideSolutionNode = FALSE
	EndGlobalSection
	GlobalSection(NestedProjects) = preSolution
		{A9C70EE1-A7D4-4E26-854C-A38C894972E0} = {CF0A0D3A-FF00-4841-841B-0D1992C3775C}
		{9D02A97C-7666-4205-A5DE-26B16854B1BC} = {0A1E3356-2B3F-4E76-B335-F0434AE84C43}
		{33439754-6A1F-45A3-8768-31F13E285B44} = {0A1E3356-2B3F-4E76-B335-F0434AE84C43}
		{6D410DE7-5261-4D86-B674-C1D3589ACCA3} = {0A1E3356-2B3F-4E76-B335-F0434AE84C43}
		{71D577EA-3F5E-426A-ABCE-A270B86295F5} = {0A1E3356-2B3F-4E76-B335-F0434AE84C43}
		{10F9FFFF-774D-4DBC-A135-C2C9A234D953} = {0A1E3356-2B3F-4E76-B335-F0434AE84C43}
		{FCECCD12-ED22-4BB0-AE13-2A65AFD757BA} = {6D729D79-FFF0-40E7-A7F1-D8E668C2D9C0}
		{7A9FDC2E-8EE7-44E7-8420-C35FA37B7280} = {CF0A0D3A-FF00-4841-841B-0D1992C3775C}
		{D071779E-69AA-4371-B5B1-9D41F82A28ED} = {E338DCCF-3CDC-4249-BBCA-BA243D55B23D}
	EndGlobalSection
EndGlobal
