
Microsoft Visual Studio Solution File, Format Version 12.00
# Visual Studio Version 17
VisualStudioVersion = 17.11.35327.3
MinimumVisualStudioVersion = 10.0.40219.1
Project("{FAE04EC0-301F-11D3-BF4B-00C04F79EFBC}") = "SzakDProgram", "SzakDProgram.csproj", "{F271C8AB-50F5-45D0-A442-98A592AC4DD1}"
EndProject
Global
	GlobalSection(SolutionConfigurationPlatforms) = preSolution
		Debug|Any CPU = Debug|Any CPU
		Release|Any CPU = Release|Any CPU
	EndGlobalSection
	GlobalSection(ProjectConfigurationPlatforms) = postSolution
		{F271C8AB-50F5-45D0-A442-98A592AC4DD1}.Debug|Any CPU.ActiveCfg = Debug|Any CPU
		{F271C8AB-50F5-45D0-A442-98A592AC4DD1}.Debug|Any CPU.Build.0 = Debug|Any CPU
		{F271C8AB-50F5-45D0-A442-98A592AC4DD1}.Release|Any CPU.ActiveCfg = Release|Any CPU
		{F271C8AB-50F5-45D0-A442-98A592AC4DD1}.Release|Any CPU.Build.0 = Release|Any CPU
	EndGlobalSection
	GlobalSection(SolutionProperties) = preSolution
		HideSolutionNode = FALSE
	EndGlobalSection
	GlobalSection(ExtensibilityGlobals) = postSolution
		SolutionGuid = {AA1D145D-0A2E-460C-9585-5B5BC0AF03DC}
	EndGlobalSection
EndGlobal
